// !$*UTF8*$!
{
	archiveVersion = 1;
	classes = {
	};
	objectVersion = 50;
	objects = {

/* Begin PBXBuildFile section */
		2C37A04724848E990019A291 /* PopularMoviesSampleResponse.json in Resources */ = {isa = PBXBuildFile; fileRef = 2C37A04624848E990019A291 /* PopularMoviesSampleResponse.json */; };
		AE8877362482CD4900824FFC /* AppDelegate.swift in Sources */ = {isa = PBXBuildFile; fileRef = AE8877352482CD4900824FFC /* AppDelegate.swift */; };
		AE8877382482CD4900824FFC /* SceneDelegate.swift in Sources */ = {isa = PBXBuildFile; fileRef = AE8877372482CD4900824FFC /* SceneDelegate.swift */; };
		AE88773D2482CD4900824FFC /* Main.storyboard in Resources */ = {isa = PBXBuildFile; fileRef = AE88773B2482CD4900824FFC /* Main.storyboard */; };
		AE88773F2482CD4A00824FFC /* Assets.xcassets in Resources */ = {isa = PBXBuildFile; fileRef = AE88773E2482CD4A00824FFC /* Assets.xcassets */; };
		AE8877422482CD4A00824FFC /* LaunchScreen.storyboard in Resources */ = {isa = PBXBuildFile; fileRef = AE8877402482CD4A00824FFC /* LaunchScreen.storyboard */; };
		AE88774D2482CD4A00824FFC /* MovieDatabaseTests.swift in Sources */ = {isa = PBXBuildFile; fileRef = AE88774C2482CD4A00824FFC /* MovieDatabaseTests.swift */; };
		AE88776B2482D13200824FFC /* ListMoviesRouter.swift in Sources */ = {isa = PBXBuildFile; fileRef = AE8877652482D13200824FFC /* ListMoviesRouter.swift */; };
		AE88776C2482D13200824FFC /* ListMoviesWorker.swift in Sources */ = {isa = PBXBuildFile; fileRef = AE8877662482D13200824FFC /* ListMoviesWorker.swift */; };
		AE88776D2482D13200824FFC /* ListMoviesModels.swift in Sources */ = {isa = PBXBuildFile; fileRef = AE8877672482D13200824FFC /* ListMoviesModels.swift */; };
		AE88776E2482D13200824FFC /* ListMoviesPresenter.swift in Sources */ = {isa = PBXBuildFile; fileRef = AE8877682482D13200824FFC /* ListMoviesPresenter.swift */; };
		AE88776F2482D13200824FFC /* ListMoviesViewController.swift in Sources */ = {isa = PBXBuildFile; fileRef = AE8877692482D13200824FFC /* ListMoviesViewController.swift */; };
		AE8877702482D13200824FFC /* ListMoviesInteractor.swift in Sources */ = {isa = PBXBuildFile; fileRef = AE88776A2482D13200824FFC /* ListMoviesInteractor.swift */; };
		AE8877722482D23800824FFC /* keys.plist in Resources */ = {isa = PBXBuildFile; fileRef = AE8877712482D23800824FFC /* keys.plist */; };
		AE887774248317D800824FFC /* Popularity.swift in Sources */ = {isa = PBXBuildFile; fileRef = AE887773248317D800824FFC /* Popularity.swift */; };
		AE8877772484180400824FFC /* APIKeys.swift in Sources */ = {isa = PBXBuildFile; fileRef = AE8877762484180400824FFC /* APIKeys.swift */; };
		AE88777A248460B900824FFC /* ListMovies.strings in Resources */ = {isa = PBXBuildFile; fileRef = AE88777C248460B900824FFC /* ListMovies.strings */; };
		AE88777F2484614700824FFC /* String.swift in Sources */ = {isa = PBXBuildFile; fileRef = AE88777E2484614700824FFC /* String.swift */; };
		AE88778B2484632700824FFC /* ListMoviesRoutingLogicSpy.swift in Sources */ = {isa = PBXBuildFile; fileRef = AE8877822484632700824FFC /* ListMoviesRoutingLogicSpy.swift */; };
		AE88778C2484632700824FFC /* ListMoviesViewControllerTests.swift in Sources */ = {isa = PBXBuildFile; fileRef = AE8877832484632700824FFC /* ListMoviesViewControllerTests.swift */; };
		AE88778D2484632700824FFC /* ListMoviesRouterTests.swift in Sources */ = {isa = PBXBuildFile; fileRef = AE8877842484632700824FFC /* ListMoviesRouterTests.swift */; };
		AE88778E2484632700824FFC /* ListMoviesDisplayLogicSpy.swift in Sources */ = {isa = PBXBuildFile; fileRef = AE8877852484632700824FFC /* ListMoviesDisplayLogicSpy.swift */; };
		AE88778F2484632700824FFC /* ListMoviesBusinessLogicSpy.swift in Sources */ = {isa = PBXBuildFile; fileRef = AE8877862484632700824FFC /* ListMoviesBusinessLogicSpy.swift */; };
		AE8877902484632700824FFC /* ListMoviesInteractorTests.swift in Sources */ = {isa = PBXBuildFile; fileRef = AE8877872484632700824FFC /* ListMoviesInteractorTests.swift */; };
		AE8877912484632700824FFC /* ListMoviesPresenterTests.swift in Sources */ = {isa = PBXBuildFile; fileRef = AE8877882484632700824FFC /* ListMoviesPresenterTests.swift */; };
		AE8877922484632700824FFC /* ListMoviesPresentationLogicSpy.swift in Sources */ = {isa = PBXBuildFile; fileRef = AE8877892484632700824FFC /* ListMoviesPresentationLogicSpy.swift */; };
		AE8877932484632700824FFC /* ListMoviesWorkerTests.swift in Sources */ = {isa = PBXBuildFile; fileRef = AE88778A2484632700824FFC /* ListMoviesWorkerTests.swift */; };
/* End PBXBuildFile section */

/* Begin PBXContainerItemProxy section */
		AE8877492482CD4A00824FFC /* PBXContainerItemProxy */ = {
			isa = PBXContainerItemProxy;
			containerPortal = AE88772A2482CD4900824FFC /* Project object */;
			proxyType = 1;
			remoteGlobalIDString = AE8877312482CD4900824FFC;
			remoteInfo = MovieDatabase;
		};
/* End PBXContainerItemProxy section */

/* Begin PBXFileReference section */
		2C37A04624848E990019A291 /* PopularMoviesSampleResponse.json */ = {isa = PBXFileReference; lastKnownFileType = text.json; path = PopularMoviesSampleResponse.json; sourceTree = "<group>"; };
		AE8877322482CD4900824FFC /* MovieDatabase.app */ = {isa = PBXFileReference; explicitFileType = wrapper.application; includeInIndex = 0; path = MovieDatabase.app; sourceTree = BUILT_PRODUCTS_DIR; };
		AE8877352482CD4900824FFC /* AppDelegate.swift */ = {isa = PBXFileReference; lastKnownFileType = sourcecode.swift; path = AppDelegate.swift; sourceTree = "<group>"; };
		AE8877372482CD4900824FFC /* SceneDelegate.swift */ = {isa = PBXFileReference; lastKnownFileType = sourcecode.swift; path = SceneDelegate.swift; sourceTree = "<group>"; };
		AE88773C2482CD4900824FFC /* Base */ = {isa = PBXFileReference; lastKnownFileType = file.storyboard; name = Base; path = Base.lproj/Main.storyboard; sourceTree = "<group>"; };
		AE88773E2482CD4A00824FFC /* Assets.xcassets */ = {isa = PBXFileReference; lastKnownFileType = folder.assetcatalog; path = Assets.xcassets; sourceTree = "<group>"; };
		AE8877412482CD4A00824FFC /* Base */ = {isa = PBXFileReference; lastKnownFileType = file.storyboard; name = Base; path = Base.lproj/LaunchScreen.storyboard; sourceTree = "<group>"; };
		AE8877432482CD4A00824FFC /* Info.plist */ = {isa = PBXFileReference; lastKnownFileType = text.plist.xml; path = Info.plist; sourceTree = "<group>"; };
		AE8877482482CD4A00824FFC /* MovieDatabaseTests.xctest */ = {isa = PBXFileReference; explicitFileType = wrapper.cfbundle; includeInIndex = 0; path = MovieDatabaseTests.xctest; sourceTree = BUILT_PRODUCTS_DIR; };
		AE88774C2482CD4A00824FFC /* MovieDatabaseTests.swift */ = {isa = PBXFileReference; lastKnownFileType = sourcecode.swift; path = MovieDatabaseTests.swift; sourceTree = "<group>"; };
		AE88774E2482CD4A00824FFC /* Info.plist */ = {isa = PBXFileReference; lastKnownFileType = text.plist.xml; path = Info.plist; sourceTree = "<group>"; };
		AE8877652482D13200824FFC /* ListMoviesRouter.swift */ = {isa = PBXFileReference; lastKnownFileType = sourcecode.swift; path = ListMoviesRouter.swift; sourceTree = "<group>"; };
		AE8877662482D13200824FFC /* ListMoviesWorker.swift */ = {isa = PBXFileReference; lastKnownFileType = sourcecode.swift; path = ListMoviesWorker.swift; sourceTree = "<group>"; };
		AE8877672482D13200824FFC /* ListMoviesModels.swift */ = {isa = PBXFileReference; lastKnownFileType = sourcecode.swift; path = ListMoviesModels.swift; sourceTree = "<group>"; };
		AE8877682482D13200824FFC /* ListMoviesPresenter.swift */ = {isa = PBXFileReference; lastKnownFileType = sourcecode.swift; path = ListMoviesPresenter.swift; sourceTree = "<group>"; };
		AE8877692482D13200824FFC /* ListMoviesViewController.swift */ = {isa = PBXFileReference; lastKnownFileType = sourcecode.swift; path = ListMoviesViewController.swift; sourceTree = "<group>"; };
		AE88776A2482D13200824FFC /* ListMoviesInteractor.swift */ = {isa = PBXFileReference; lastKnownFileType = sourcecode.swift; path = ListMoviesInteractor.swift; sourceTree = "<group>"; };
		AE8877712482D23800824FFC /* keys.plist */ = {isa = PBXFileReference; lastKnownFileType = text.plist.xml; path = keys.plist; sourceTree = "<group>"; };
		AE887773248317D800824FFC /* Popularity.swift */ = {isa = PBXFileReference; lastKnownFileType = sourcecode.swift; path = Popularity.swift; sourceTree = "<group>"; };
		AE8877762484180400824FFC /* APIKeys.swift */ = {isa = PBXFileReference; lastKnownFileType = sourcecode.swift; path = APIKeys.swift; sourceTree = "<group>"; };
		AE88777B248460B900824FFC /* en */ = {isa = PBXFileReference; lastKnownFileType = text.plist.strings; name = en; path = en.lproj/ListMovies.strings; sourceTree = "<group>"; };
		AE88777D248460C900824FFC /* es */ = {isa = PBXFileReference; lastKnownFileType = text.plist.strings; name = es; path = es.lproj/ListMovies.strings; sourceTree = "<group>"; };
		AE88777E2484614700824FFC /* String.swift */ = {isa = PBXFileReference; fileEncoding = 4; lastKnownFileType = sourcecode.swift; path = String.swift; sourceTree = "<group>"; };
		AE8877822484632700824FFC /* ListMoviesRoutingLogicSpy.swift */ = {isa = PBXFileReference; lastKnownFileType = sourcecode.swift; path = ListMoviesRoutingLogicSpy.swift; sourceTree = "<group>"; };
		AE8877832484632700824FFC /* ListMoviesViewControllerTests.swift */ = {isa = PBXFileReference; lastKnownFileType = sourcecode.swift; path = ListMoviesViewControllerTests.swift; sourceTree = "<group>"; };
		AE8877842484632700824FFC /* ListMoviesRouterTests.swift */ = {isa = PBXFileReference; lastKnownFileType = sourcecode.swift; path = ListMoviesRouterTests.swift; sourceTree = "<group>"; };
		AE8877852484632700824FFC /* ListMoviesDisplayLogicSpy.swift */ = {isa = PBXFileReference; lastKnownFileType = sourcecode.swift; path = ListMoviesDisplayLogicSpy.swift; sourceTree = "<group>"; };
		AE8877862484632700824FFC /* ListMoviesBusinessLogicSpy.swift */ = {isa = PBXFileReference; lastKnownFileType = sourcecode.swift; path = ListMoviesBusinessLogicSpy.swift; sourceTree = "<group>"; };
		AE8877872484632700824FFC /* ListMoviesInteractorTests.swift */ = {isa = PBXFileReference; lastKnownFileType = sourcecode.swift; path = ListMoviesInteractorTests.swift; sourceTree = "<group>"; };
		AE8877882484632700824FFC /* ListMoviesPresenterTests.swift */ = {isa = PBXFileReference; lastKnownFileType = sourcecode.swift; path = ListMoviesPresenterTests.swift; sourceTree = "<group>"; };
		AE8877892484632700824FFC /* ListMoviesPresentationLogicSpy.swift */ = {isa = PBXFileReference; lastKnownFileType = sourcecode.swift; path = ListMoviesPresentationLogicSpy.swift; sourceTree = "<group>"; };
		AE88778A2484632700824FFC /* ListMoviesWorkerTests.swift */ = {isa = PBXFileReference; lastKnownFileType = sourcecode.swift; path = ListMoviesWorkerTests.swift; sourceTree = "<group>"; };
/* End PBXFileReference section */

/* Begin PBXFrameworksBuildPhase section */
		AE88772F2482CD4900824FFC /* Frameworks */ = {
			isa = PBXFrameworksBuildPhase;
			buildActionMask = 2147483647;
			files = (
			);
			runOnlyForDeploymentPostprocessing = 0;
		};
		AE8877452482CD4A00824FFC /* Frameworks */ = {
			isa = PBXFrameworksBuildPhase;
			buildActionMask = 2147483647;
			files = (
			);
			runOnlyForDeploymentPostprocessing = 0;
		};
/* End PBXFrameworksBuildPhase section */

/* Begin PBXGroup section */
		AE8877292482CD4900824FFC = {
			isa = PBXGroup;
			children = (
				AE8877342482CD4900824FFC /* MovieDatabase */,
				AE88774B2482CD4A00824FFC /* MovieDatabaseTests */,
				AE8877332482CD4900824FFC /* Products */,
			);
			sourceTree = "<group>";
		};
		AE8877332482CD4900824FFC /* Products */ = {
			isa = PBXGroup;
			children = (
				AE8877322482CD4900824FFC /* MovieDatabase.app */,
				AE8877482482CD4A00824FFC /* MovieDatabaseTests.xctest */,
			);
			name = Products;
			sourceTree = "<group>";
		};
		AE8877342482CD4900824FFC /* MovieDatabase */ = {
			isa = PBXGroup;
			children = (
				AE887775248417ED00824FFC /* Utils */,
				AE8877572482D0BE00824FFC /* Scenes */,
				AE8877352482CD4900824FFC /* AppDelegate.swift */,
				AE8877372482CD4900824FFC /* SceneDelegate.swift */,
				AE88773B2482CD4900824FFC /* Main.storyboard */,
				AE88773E2482CD4A00824FFC /* Assets.xcassets */,
				AE8877402482CD4A00824FFC /* LaunchScreen.storyboard */,
				AE8877432482CD4A00824FFC /* Info.plist */,
				AE8877712482D23800824FFC /* keys.plist */,
			);
			path = MovieDatabase;
			sourceTree = "<group>";
		};
		AE88774B2482CD4A00824FFC /* MovieDatabaseTests */ = {
			isa = PBXGroup;
			children = (
				AE887780248462FF00824FFC /* Scenes */,
				AE88774C2482CD4A00824FFC /* MovieDatabaseTests.swift */,
				AE88774E2482CD4A00824FFC /* Info.plist */,
			);
			path = MovieDatabaseTests;
			sourceTree = "<group>";
		};
		AE8877572482D0BE00824FFC /* Scenes */ = {
			isa = PBXGroup;
			children = (
				AE8877582482D0C700824FFC /* Movies */,
			);
			path = Scenes;
			sourceTree = "<group>";
		};
		AE8877582482D0C700824FFC /* Movies */ = {
			isa = PBXGroup;
			children = (
				AE8877652482D13200824FFC /* ListMoviesRouter.swift */,
				AE8877662482D13200824FFC /* ListMoviesWorker.swift */,
				AE8877672482D13200824FFC /* ListMoviesModels.swift */,
				AE8877682482D13200824FFC /* ListMoviesPresenter.swift */,
				AE8877692482D13200824FFC /* ListMoviesViewController.swift */,
				AE88776A2482D13200824FFC /* ListMoviesInteractor.swift */,
				AE887773248317D800824FFC /* Popularity.swift */,
				AE88777C248460B900824FFC /* ListMovies.strings */,
			);
			path = Movies;
			sourceTree = "<group>";
		};
		AE887775248417ED00824FFC /* Utils */ = {
			isa = PBXGroup;
			children = (
				AE88777E2484614700824FFC /* String.swift */,
				AE8877762484180400824FFC /* APIKeys.swift */,
			);
			path = Utils;
			sourceTree = "<group>";
		};
		AE887780248462FF00824FFC /* Scenes */ = {
			isa = PBXGroup;
			children = (
				AE8877812484630500824FFC /* Movies */,
			);
			path = Scenes;
			sourceTree = "<group>";
		};
		AE8877812484630500824FFC /* Movies */ = {
			isa = PBXGroup;
			children = (
				AE887794248480E300824FFC /* Spies */,
				AE8877832484632700824FFC /* ListMoviesViewControllerTests.swift */,
				AE8877842484632700824FFC /* ListMoviesRouterTests.swift */,
				AE8877872484632700824FFC /* ListMoviesInteractorTests.swift */,
				AE8877882484632700824FFC /* ListMoviesPresenterTests.swift */,
				AE88778A2484632700824FFC /* ListMoviesWorkerTests.swift */,
				2C37A04624848E990019A291 /* PopularMoviesSampleResponse.json */,
			);
			path = Movies;
			sourceTree = "<group>";
		};
		AE887794248480E300824FFC /* Spies */ = {
			isa = PBXGroup;
			children = (
				AE8877822484632700824FFC /* ListMoviesRoutingLogicSpy.swift */,
				AE8877852484632700824FFC /* ListMoviesDisplayLogicSpy.swift */,
				AE8877862484632700824FFC /* ListMoviesBusinessLogicSpy.swift */,
				AE8877892484632700824FFC /* ListMoviesPresentationLogicSpy.swift */,
			);
			path = Spies;
			sourceTree = "<group>";
		};
/* End PBXGroup section */

/* Begin PBXNativeTarget section */
		AE8877312482CD4900824FFC /* MovieDatabase */ = {
			isa = PBXNativeTarget;
			buildConfigurationList = AE8877512482CD4A00824FFC /* Build configuration list for PBXNativeTarget "MovieDatabase" */;
			buildPhases = (
				AE88772E2482CD4900824FFC /* Sources */,
				AE88772F2482CD4900824FFC /* Frameworks */,
				AE8877302482CD4900824FFC /* Resources */,
			);
			buildRules = (
			);
			dependencies = (
			);
			name = MovieDatabase;
			productName = MovieDatabase;
			productReference = AE8877322482CD4900824FFC /* MovieDatabase.app */;
			productType = "com.apple.product-type.application";
		};
		AE8877472482CD4A00824FFC /* MovieDatabaseTests */ = {
			isa = PBXNativeTarget;
			buildConfigurationList = AE8877542482CD4A00824FFC /* Build configuration list for PBXNativeTarget "MovieDatabaseTests" */;
			buildPhases = (
				AE8877442482CD4A00824FFC /* Sources */,
				AE8877452482CD4A00824FFC /* Frameworks */,
				AE8877462482CD4A00824FFC /* Resources */,
			);
			buildRules = (
			);
			dependencies = (
				AE88774A2482CD4A00824FFC /* PBXTargetDependency */,
			);
			name = MovieDatabaseTests;
			productName = MovieDatabaseTests;
			productReference = AE8877482482CD4A00824FFC /* MovieDatabaseTests.xctest */;
			productType = "com.apple.product-type.bundle.unit-test";
		};
/* End PBXNativeTarget section */

/* Begin PBXProject section */
		AE88772A2482CD4900824FFC /* Project object */ = {
			isa = PBXProject;
			attributes = {
				LastSwiftUpdateCheck = 1150;
				LastUpgradeCheck = 1150;
				ORGANIZATIONNAME = dqn;
				TargetAttributes = {
					AE8877312482CD4900824FFC = {
						CreatedOnToolsVersion = 11.5;
					};
					AE8877472482CD4A00824FFC = {
						CreatedOnToolsVersion = 11.5;
						TestTargetID = AE8877312482CD4900824FFC;
					};
				};
			};
			buildConfigurationList = AE88772D2482CD4900824FFC /* Build configuration list for PBXProject "MovieDatabase" */;
			compatibilityVersion = "Xcode 9.3";
			developmentRegion = en;
			hasScannedForEncodings = 0;
			knownRegions = (
				en,
				Base,
				es,
			);
			mainGroup = AE8877292482CD4900824FFC;
			productRefGroup = AE8877332482CD4900824FFC /* Products */;
			projectDirPath = "";
			projectRoot = "";
			targets = (
				AE8877312482CD4900824FFC /* MovieDatabase */,
				AE8877472482CD4A00824FFC /* MovieDatabaseTests */,
			);
		};
/* End PBXProject section */

/* Begin PBXResourcesBuildPhase section */
		AE8877302482CD4900824FFC /* Resources */ = {
			isa = PBXResourcesBuildPhase;
			buildActionMask = 2147483647;
			files = (
				AE8877722482D23800824FFC /* keys.plist in Resources */,
				AE8877422482CD4A00824FFC /* LaunchScreen.storyboard in Resources */,
				AE88773F2482CD4A00824FFC /* Assets.xcassets in Resources */,
				AE88773D2482CD4900824FFC /* Main.storyboard in Resources */,
				AE88777A248460B900824FFC /* ListMovies.strings in Resources */,
			);
			runOnlyForDeploymentPostprocessing = 0;
		};
		AE8877462482CD4A00824FFC /* Resources */ = {
			isa = PBXResourcesBuildPhase;
			buildActionMask = 2147483647;
			files = (
				2C37A04724848E990019A291 /* PopularMoviesSampleResponse.json in Resources */,
			);
			runOnlyForDeploymentPostprocessing = 0;
		};
/* End PBXResourcesBuildPhase section */

/* Begin PBXSourcesBuildPhase section */
		AE88772E2482CD4900824FFC /* Sources */ = {
			isa = PBXSourcesBuildPhase;
			buildActionMask = 2147483647;
			files = (
				AE8877772484180400824FFC /* APIKeys.swift in Sources */,
				AE88776E2482D13200824FFC /* ListMoviesPresenter.swift in Sources */,
				AE88776C2482D13200824FFC /* ListMoviesWorker.swift in Sources */,
				AE88776D2482D13200824FFC /* ListMoviesModels.swift in Sources */,
				AE887774248317D800824FFC /* Popularity.swift in Sources */,
				AE88777F2484614700824FFC /* String.swift in Sources */,
				AE8877702482D13200824FFC /* ListMoviesInteractor.swift in Sources */,
				AE88776B2482D13200824FFC /* ListMoviesRouter.swift in Sources */,
				AE8877362482CD4900824FFC /* AppDelegate.swift in Sources */,
				AE8877382482CD4900824FFC /* SceneDelegate.swift in Sources */,
				AE88776F2482D13200824FFC /* ListMoviesViewController.swift in Sources */,
			);
			runOnlyForDeploymentPostprocessing = 0;
		};
		AE8877442482CD4A00824FFC /* Sources */ = {
			isa = PBXSourcesBuildPhase;
			buildActionMask = 2147483647;
			files = (
				AE8877902484632700824FFC /* ListMoviesInteractorTests.swift in Sources */,
				AE88774D2482CD4A00824FFC /* MovieDatabaseTests.swift in Sources */,
				AE88778D2484632700824FFC /* ListMoviesRouterTests.swift in Sources */,
				AE8877912484632700824FFC /* ListMoviesPresenterTests.swift in Sources */,
				AE88778F2484632700824FFC /* ListMoviesBusinessLogicSpy.swift in Sources */,
				AE8877922484632700824FFC /* ListMoviesPresentationLogicSpy.swift in Sources */,
				AE88778B2484632700824FFC /* ListMoviesRoutingLogicSpy.swift in Sources */,
				AE88778E2484632700824FFC /* ListMoviesDisplayLogicSpy.swift in Sources */,
				AE8877932484632700824FFC /* ListMoviesWorkerTests.swift in Sources */,
				AE88778C2484632700824FFC /* ListMoviesViewControllerTests.swift in Sources */,
			);
			runOnlyForDeploymentPostprocessing = 0;
		};
/* End PBXSourcesBuildPhase section */

/* Begin PBXTargetDependency section */
		AE88774A2482CD4A00824FFC /* PBXTargetDependency */ = {
			isa = PBXTargetDependency;
			target = AE8877312482CD4900824FFC /* MovieDatabase */;
			targetProxy = AE8877492482CD4A00824FFC /* PBXContainerItemProxy */;
		};
/* End PBXTargetDependency section */

/* Begin PBXVariantGroup section */
		AE88773B2482CD4900824FFC /* Main.storyboard */ = {
			isa = PBXVariantGroup;
			children = (
				AE88773C2482CD4900824FFC /* Base */,
			);
			name = Main.storyboard;
			sourceTree = "<group>";
		};
		AE8877402482CD4A00824FFC /* LaunchScreen.storyboard */ = {
			isa = PBXVariantGroup;
			children = (
				AE8877412482CD4A00824FFC /* Base */,
			);
			name = LaunchScreen.storyboard;
			sourceTree = "<group>";
		};
		AE88777C248460B900824FFC /* ListMovies.strings */ = {
			isa = PBXVariantGroup;
			children = (
				AE88777B248460B900824FFC /* en */,
				AE88777D248460C900824FFC /* es */,
			);
			name = ListMovies.strings;
			sourceTree = "<group>";
		};
/* End PBXVariantGroup section */

/* Begin XCBuildConfiguration section */
		AE88774F2482CD4A00824FFC /* Debug */ = {
			isa = XCBuildConfiguration;
			buildSettings = {
				ALWAYS_SEARCH_USER_PATHS = NO;
				CLANG_ANALYZER_LOCALIZABILITY_NONLOCALIZED = YES;
				CLANG_ANALYZER_NONNULL = YES;
				CLANG_ANALYZER_NUMBER_OBJECT_CONVERSION = YES_AGGRESSIVE;
				CLANG_CXX_LANGUAGE_STANDARD = "gnu++14";
				CLANG_CXX_LIBRARY = "libc++";
				CLANG_ENABLE_MODULES = YES;
				CLANG_ENABLE_OBJC_ARC = YES;
				CLANG_ENABLE_OBJC_WEAK = YES;
				CLANG_WARN_BLOCK_CAPTURE_AUTORELEASING = YES;
				CLANG_WARN_BOOL_CONVERSION = YES;
				CLANG_WARN_COMMA = YES;
				CLANG_WARN_CONSTANT_CONVERSION = YES;
				CLANG_WARN_DEPRECATED_OBJC_IMPLEMENTATIONS = YES;
				CLANG_WARN_DIRECT_OBJC_ISA_USAGE = YES_ERROR;
				CLANG_WARN_DOCUMENTATION_COMMENTS = YES;
				CLANG_WARN_EMPTY_BODY = YES;
				CLANG_WARN_ENUM_CONVERSION = YES;
				CLANG_WARN_INFINITE_RECURSION = YES;
				CLANG_WARN_INT_CONVERSION = YES;
				CLANG_WARN_NON_LITERAL_NULL_CONVERSION = YES;
				CLANG_WARN_OBJC_IMPLICIT_RETAIN_SELF = YES;
				CLANG_WARN_OBJC_LITERAL_CONVERSION = YES;
				CLANG_WARN_OBJC_ROOT_CLASS = YES_ERROR;
				CLANG_WARN_RANGE_LOOP_ANALYSIS = YES;
				CLANG_WARN_STRICT_PROTOTYPES = YES;
				CLANG_WARN_SUSPICIOUS_MOVE = YES;
				CLANG_WARN_UNGUARDED_AVAILABILITY = YES_AGGRESSIVE;
				CLANG_WARN_UNREACHABLE_CODE = YES;
				CLANG_WARN__DUPLICATE_METHOD_MATCH = YES;
				COPY_PHASE_STRIP = NO;
				DEBUG_INFORMATION_FORMAT = dwarf;
				ENABLE_STRICT_OBJC_MSGSEND = YES;
				ENABLE_TESTABILITY = YES;
				GCC_C_LANGUAGE_STANDARD = gnu11;
				GCC_DYNAMIC_NO_PIC = NO;
				GCC_NO_COMMON_BLOCKS = YES;
				GCC_OPTIMIZATION_LEVEL = 0;
				GCC_PREPROCESSOR_DEFINITIONS = (
					"DEBUG=1",
					"$(inherited)",
				);
				GCC_WARN_64_TO_32_BIT_CONVERSION = YES;
				GCC_WARN_ABOUT_RETURN_TYPE = YES_ERROR;
				GCC_WARN_UNDECLARED_SELECTOR = YES;
				GCC_WARN_UNINITIALIZED_AUTOS = YES_AGGRESSIVE;
				GCC_WARN_UNUSED_FUNCTION = YES;
				GCC_WARN_UNUSED_VARIABLE = YES;
				IPHONEOS_DEPLOYMENT_TARGET = 13.5;
				MTL_ENABLE_DEBUG_INFO = INCLUDE_SOURCE;
				MTL_FAST_MATH = YES;
				ONLY_ACTIVE_ARCH = YES;
				SDKROOT = iphoneos;
				SWIFT_ACTIVE_COMPILATION_CONDITIONS = DEBUG;
				SWIFT_OPTIMIZATION_LEVEL = "-Onone";
			};
			name = Debug;
		};
		AE8877502482CD4A00824FFC /* Release */ = {
			isa = XCBuildConfiguration;
			buildSettings = {
				ALWAYS_SEARCH_USER_PATHS = NO;
				CLANG_ANALYZER_LOCALIZABILITY_NONLOCALIZED = YES;
				CLANG_ANALYZER_NONNULL = YES;
				CLANG_ANALYZER_NUMBER_OBJECT_CONVERSION = YES_AGGRESSIVE;
				CLANG_CXX_LANGUAGE_STANDARD = "gnu++14";
				CLANG_CXX_LIBRARY = "libc++";
				CLANG_ENABLE_MODULES = YES;
				CLANG_ENABLE_OBJC_ARC = YES;
				CLANG_ENABLE_OBJC_WEAK = YES;
				CLANG_WARN_BLOCK_CAPTURE_AUTORELEASING = YES;
				CLANG_WARN_BOOL_CONVERSION = YES;
				CLANG_WARN_COMMA = YES;
				CLANG_WARN_CONSTANT_CONVERSION = YES;
				CLANG_WARN_DEPRECATED_OBJC_IMPLEMENTATIONS = YES;
				CLANG_WARN_DIRECT_OBJC_ISA_USAGE = YES_ERROR;
				CLANG_WARN_DOCUMENTATION_COMMENTS = YES;
				CLANG_WARN_EMPTY_BODY = YES;
				CLANG_WARN_ENUM_CONVERSION = YES;
				CLANG_WARN_INFINITE_RECURSION = YES;
				CLANG_WARN_INT_CONVERSION = YES;
				CLANG_WARN_NON_LITERAL_NULL_CONVERSION = YES;
				CLANG_WARN_OBJC_IMPLICIT_RETAIN_SELF = YES;
				CLANG_WARN_OBJC_LITERAL_CONVERSION = YES;
				CLANG_WARN_OBJC_ROOT_CLASS = YES_ERROR;
				CLANG_WARN_RANGE_LOOP_ANALYSIS = YES;
				CLANG_WARN_STRICT_PROTOTYPES = YES;
				CLANG_WARN_SUSPICIOUS_MOVE = YES;
				CLANG_WARN_UNGUARDED_AVAILABILITY = YES_AGGRESSIVE;
				CLANG_WARN_UNREACHABLE_CODE = YES;
				CLANG_WARN__DUPLICATE_METHOD_MATCH = YES;
				COPY_PHASE_STRIP = NO;
				DEBUG_INFORMATION_FORMAT = "dwarf-with-dsym";
				ENABLE_NS_ASSERTIONS = NO;
				ENABLE_STRICT_OBJC_MSGSEND = YES;
				GCC_C_LANGUAGE_STANDARD = gnu11;
				GCC_NO_COMMON_BLOCKS = YES;
				GCC_WARN_64_TO_32_BIT_CONVERSION = YES;
				GCC_WARN_ABOUT_RETURN_TYPE = YES_ERROR;
				GCC_WARN_UNDECLARED_SELECTOR = YES;
				GCC_WARN_UNINITIALIZED_AUTOS = YES_AGGRESSIVE;
				GCC_WARN_UNUSED_FUNCTION = YES;
				GCC_WARN_UNUSED_VARIABLE = YES;
				IPHONEOS_DEPLOYMENT_TARGET = 13.5;
				MTL_ENABLE_DEBUG_INFO = NO;
				MTL_FAST_MATH = YES;
				SDKROOT = iphoneos;
				SWIFT_COMPILATION_MODE = wholemodule;
				SWIFT_OPTIMIZATION_LEVEL = "-O";
				VALIDATE_PRODUCT = YES;
			};
			name = Release;
		};
		AE8877522482CD4A00824FFC /* Debug */ = {
			isa = XCBuildConfiguration;
			buildSettings = {
				ASSETCATALOG_COMPILER_APPICON_NAME = AppIcon;
				CODE_SIGN_STYLE = Automatic;
				INFOPLIST_FILE = MovieDatabase/Info.plist;
				IPHONEOS_DEPLOYMENT_TARGET = 11.0;
				LD_RUNPATH_SEARCH_PATHS = (
					"$(inherited)",
					"@executable_path/Frameworks",
				);
				PRODUCT_BUNDLE_IDENTIFIER = cl.dequin.MovieDatabase;
				PRODUCT_NAME = "$(TARGET_NAME)";
				SWIFT_VERSION = 5.0;
				TARGETED_DEVICE_FAMILY = "1,2";
			};
			name = Debug;
		};
		AE8877532482CD4A00824FFC /* Release */ = {
			isa = XCBuildConfiguration;
			buildSettings = {
				ASSETCATALOG_COMPILER_APPICON_NAME = AppIcon;
				CODE_SIGN_STYLE = Automatic;
				INFOPLIST_FILE = MovieDatabase/Info.plist;
				IPHONEOS_DEPLOYMENT_TARGET = 11.0;
				LD_RUNPATH_SEARCH_PATHS = (
					"$(inherited)",
					"@executable_path/Frameworks",
				);
				PRODUCT_BUNDLE_IDENTIFIER = cl.dequin.MovieDatabase;
				PRODUCT_NAME = "$(TARGET_NAME)";
				SWIFT_VERSION = 5.0;
				TARGETED_DEVICE_FAMILY = "1,2";
			};
			name = Release;
		};
		AE8877552482CD4A00824FFC /* Debug */ = {
			isa = XCBuildConfiguration;
			buildSettings = {
				ALWAYS_EMBED_SWIFT_STANDARD_LIBRARIES = YES;
				BUNDLE_LOADER = "$(TEST_HOST)";
				CODE_SIGN_STYLE = Automatic;
				INFOPLIST_FILE = MovieDatabaseTests/Info.plist;
				IPHONEOS_DEPLOYMENT_TARGET = 13.5;
				LD_RUNPATH_SEARCH_PATHS = (
					"$(inherited)",
					"@executable_path/Frameworks",
					"@loader_path/Frameworks",
				);
				PRODUCT_BUNDLE_IDENTIFIER = cl.dequin.MovieDatabaseTests;
				PRODUCT_NAME = "$(TARGET_NAME)";
				SWIFT_VERSION = 5.0;
				TARGETED_DEVICE_FAMILY = "1,2";
				TEST_HOST = "$(BUILT_PRODUCTS_DIR)/MovieDatabase.app/MovieDatabase";
			};
			name = Debug;
		};
		AE8877562482CD4A00824FFC /* Release */ = {
			isa = XCBuildConfiguration;
			buildSettings = {
				ALWAYS_EMBED_SWIFT_STANDARD_LIBRARIES = YES;
				BUNDLE_LOADER = "$(TEST_HOST)";
				CODE_SIGN_STYLE = Automatic;
				INFOPLIST_FILE = MovieDatabaseTests/Info.plist;
				IPHONEOS_DEPLOYMENT_TARGET = 13.5;
				LD_RUNPATH_SEARCH_PATHS = (
					"$(inherited)",
					"@executable_path/Frameworks",
					"@loader_path/Frameworks",
				);
				PRODUCT_BUNDLE_IDENTIFIER = cl.dequin.MovieDatabaseTests;
				PRODUCT_NAME = "$(TARGET_NAME)";
				SWIFT_VERSION = 5.0;
				TARGETED_DEVICE_FAMILY = "1,2";
				TEST_HOST = "$(BUILT_PRODUCTS_DIR)/MovieDatabase.app/MovieDatabase";
			};
			name = Release;
		};
/* End XCBuildConfiguration section */

/* Begin XCConfigurationList section */
		AE88772D2482CD4900824FFC /* Build configuration list for PBXProject "MovieDatabase" */ = {
			isa = XCConfigurationList;
			buildConfigurations = (
				AE88774F2482CD4A00824FFC /* Debug */,
				AE8877502482CD4A00824FFC /* Release */,
			);
			defaultConfigurationIsVisible = 0;
			defaultConfigurationName = Release;
		};
		AE8877512482CD4A00824FFC /* Build configuration list for PBXNativeTarget "MovieDatabase" */ = {
			isa = XCConfigurationList;
			buildConfigurations = (
				AE8877522482CD4A00824FFC /* Debug */,
				AE8877532482CD4A00824FFC /* Release */,
			);
			defaultConfigurationIsVisible = 0;
			defaultConfigurationName = Release;
		};
		AE8877542482CD4A00824FFC /* Build configuration list for PBXNativeTarget "MovieDatabaseTests" */ = {
			isa = XCConfigurationList;
			buildConfigurations = (
				AE8877552482CD4A00824FFC /* Debug */,
				AE8877562482CD4A00824FFC /* Release */,
			);
			defaultConfigurationIsVisible = 0;
			defaultConfigurationName = Release;
		};
/* End XCConfigurationList section */
	};
	rootObject = AE88772A2482CD4900824FFC /* Project object */;
}
